{
  "pins" : [
    {
      "identity" : "audiokit",
      "kind" : "remoteSourceControl",
      "location" : "https://github.com/AudioKit/AudioKit/",
      "state" : {
        "branch" : "main",
        "revision" : "ca4dae8383dfe3f2ad11633644e1d2c3ea45d183"
      }
    },
    {
      "identity" : "audiokitex",
      "kind" : "remoteSourceControl",
      "location" : "https://github.com/AudioKit/AudioKitEX",
      "state" : {
        "revision" : "22183bcf7e8c6baf15e59c1126a4c541e044cec5",
        "version" : "5.5.2"
      }
    },
    {
      "identity" : "swiftui-sliders",
      "kind" : "remoteSourceControl",
      "location" : "https://github.com/spacenation/swiftui-sliders/",
      "state" : {
        "branch" : "main",
        "revision" : "cc4ab4a2053f8bf39d4615a09ba48ef420586fd6"
      }
    }
  ],
  "version" : 2
}
